<Solution>
  <Project Path="Application/Application.csproj" />
  <Project Path="Domain/Domain.csproj" />
  <Project Path="Infrastructure.Persistence/Infrastructure.Persistence.csproj" />
  <Project Path="Presentation.UI.ConsoleApplication/Presentation.UI.ConsoleApplication.csproj" />
  <Project Path="Shared/Shared.csproj" />
</Solution>
